
Microsoft Visual Studio Solution File, Format Version 12.00
# Visual Studio Version 17
VisualStudioVersion = 17.7.34031.279
MinimumVisualStudioVersion = 10.0.40219.1
Project("{FAE04EC0-301F-11D3-BF4B-00C04F79EFBC}") = "ConsoleAppConsumeRESTvrijdag", "ConsoleAppConsumeRESTvrijdag.csproj", "{FD600BC3-2D3A-479C-8183-EA12BE1B05EF}"
EndProject
Global
	GlobalSection(SolutionConfigurationPlatforms) = preSolution
		Debug|Any CPU = Debug|Any CPU
		Release|Any CPU = Release|Any CPU
	EndGlobalSection
	GlobalSection(ProjectConfigurationPlatforms) = postSolution
		{FD600BC3-2D3A-479C-8183-EA12BE1B05EF}.Debug|Any CPU.ActiveCfg = Debug|Any CPU
		{FD600BC3-2D3A-479C-8183-EA12BE1B05EF}.Debug|Any CPU.Build.0 = Debug|Any CPU
		{FD600BC3-2D3A-479C-8183-EA12BE1B05EF}.Release|Any CPU.ActiveCfg = Release|Any CPU
		{FD600BC3-2D3A-479C-8183-EA12BE1B05EF}.Release|Any CPU.Build.0 = Release|Any CPU
	EndGlobalSection
	GlobalSection(SolutionProperties) = preSolution
		HideSolutionNode = FALSE
	EndGlobalSection
	GlobalSection(ExtensibilityGlobals) = postSolution
		SolutionGuid = {E62DD7AE-7DAD-476B-9EFB-5B2ED134E3D7}
	EndGlobalSection
EndGlobal
